
Microsoft Visual Studio Solution File, Format Version 11.00
# Visual Studio 2010
Project("{FAE04EC0-301F-11D3-BF4B-00C04F79EFBC}") = "GoocaBoocaBase", "GoocaBoocaBase\GoocaBoocaBase.csproj", "{F7D907DE-0167-421C-B274-40C7745D5C40}"
EndProject
Project("{FAE04EC0-301F-11D3-BF4B-00C04F79EFBC}") = "GoocaBoocaBase.Tests", "GoocaBoocaBase.Tests\GoocaBoocaBase.Tests.csproj", "{AFC9659F-5B3B-42ED-A334-7B7279B9AB36}"
EndProject
Project("{FAE04EC0-301F-11D3-BF4B-00C04F79EFBC}") = "GoocaBoocaDataModel", "GoocaBoocaBaseDb\GoocaBoocaDataModel.csproj", "{D51D2F8F-9CBD-4069-A257-4C65ABE283D2}"
EndProject
Project("{FAE04EC0-301F-11D3-BF4B-00C04F79EFBC}") = "GoocaBoocaInputDataForm", "GoocaBoocaInputDataForm\GoocaBoocaInputDataForm.csproj", "{BF50AC6A-C2A5-494E-973C-947CA0947A83}"
EndProject
Project("{FAE04EC0-301F-11D3-BF4B-00C04F79EFBC}") = "GoocaBoocaBackOffice", "GoocaBoocaBackOffice\GoocaBoocaBackOffice.csproj", "{7EC7E0FC-21A1-4CE5-8698-0808F16C3D32}"
EndProject
Global
	GlobalSection(SolutionConfigurationPlatforms) = preSolution
		Debug|Any CPU = Debug|Any CPU
		Debug|Mixed Platforms = Debug|Mixed Platforms
		Debug|x86 = Debug|x86
		Release|Any CPU = Release|Any CPU
		Release|Mixed Platforms = Release|Mixed Platforms
		Release|x86 = Release|x86
	EndGlobalSection
	GlobalSection(ProjectConfigurationPlatforms) = postSolution
		{F7D907DE-0167-421C-B274-40C7745D5C40}.Debug|Any CPU.ActiveCfg = Debug|Any CPU
		{F7D907DE-0167-421C-B274-40C7745D5C40}.Debug|Any CPU.Build.0 = Debug|Any CPU
		{F7D907DE-0167-421C-B274-40C7745D5C40}.Debug|Mixed Platforms.ActiveCfg = Debug|Any CPU
		{F7D907DE-0167-421C-B274-40C7745D5C40}.Debug|Mixed Platforms.Build.0 = Debug|Any CPU
		{F7D907DE-0167-421C-B274-40C7745D5C40}.Debug|x86.ActiveCfg = Debug|Any CPU
		{F7D907DE-0167-421C-B274-40C7745D5C40}.Release|Any CPU.ActiveCfg = Release|Any CPU
		{F7D907DE-0167-421C-B274-40C7745D5C40}.Release|Any CPU.Build.0 = Release|Any CPU
		{F7D907DE-0167-421C-B274-40C7745D5C40}.Release|Mixed Platforms.ActiveCfg = Release|Any CPU
		{F7D907DE-0167-421C-B274-40C7745D5C40}.Release|Mixed Platforms.Build.0 = Release|Any CPU
		{F7D907DE-0167-421C-B274-40C7745D5C40}.Release|x86.ActiveCfg = Release|Any CPU
		{AFC9659F-5B3B-42ED-A334-7B7279B9AB36}.Debug|Any CPU.ActiveCfg = Debug|Any CPU
		{AFC9659F-5B3B-42ED-A334-7B7279B9AB36}.Debug|Any CPU.Build.0 = Debug|Any CPU
		{AFC9659F-5B3B-42ED-A334-7B7279B9AB36}.Debug|Mixed Platforms.ActiveCfg = Debug|Any CPU
		{AFC9659F-5B3B-42ED-A334-7B7279B9AB36}.Debug|Mixed Platforms.Build.0 = Debug|Any CPU
		{AFC9659F-5B3B-42ED-A334-7B7279B9AB36}.Debug|x86.ActiveCfg = Debug|Any CPU
		{AFC9659F-5B3B-42ED-A334-7B7279B9AB36}.Release|Any CPU.ActiveCfg = Release|Any CPU
		{AFC9659F-5B3B-42ED-A334-7B7279B9AB36}.Release|Any CPU.Build.0 = Release|Any CPU
		{AFC9659F-5B3B-42ED-A334-7B7279B9AB36}.Release|Mixed Platforms.ActiveCfg = Release|Any CPU
		{AFC9659F-5B3B-42ED-A334-7B7279B9AB36}.Release|Mixed Platforms.Build.0 = Release|Any CPU
		{AFC9659F-5B3B-42ED-A334-7B7279B9AB36}.Release|x86.ActiveCfg = Release|Any CPU
		{D51D2F8F-9CBD-4069-A257-4C65ABE283D2}.Debug|Any CPU.ActiveCfg = Debug|Any CPU
		{D51D2F8F-9CBD-4069-A257-4C65ABE283D2}.Debug|Any CPU.Build.0 = Debug|Any CPU
		{D51D2F8F-9CBD-4069-A257-4C65ABE283D2}.Debug|Mixed Platforms.ActiveCfg = Debug|Any CPU
		{D51D2F8F-9CBD-4069-A257-4C65ABE283D2}.Debug|Mixed Platforms.Build.0 = Debug|Any CPU
		{D51D2F8F-9CBD-4069-A257-4C65ABE283D2}.Debug|x86.ActiveCfg = Debug|Any CPU
		{D51D2F8F-9CBD-4069-A257-4C65ABE283D2}.Release|Any CPU.ActiveCfg = Release|Any CPU
		{D51D2F8F-9CBD-4069-A257-4C65ABE283D2}.Release|Any CPU.Build.0 = Release|Any CPU
		{D51D2F8F-9CBD-4069-A257-4C65ABE283D2}.Release|Mixed Platforms.ActiveCfg = Release|Any CPU
		{D51D2F8F-9CBD-4069-A257-4C65ABE283D2}.Release|Mixed Platforms.Build.0 = Release|Any CPU
		{D51D2F8F-9CBD-4069-A257-4C65ABE283D2}.Release|x86.ActiveCfg = Release|Any CPU
		{BF50AC6A-C2A5-494E-973C-947CA0947A83}.Debug|Any CPU.ActiveCfg = Debug|x86
		{BF50AC6A-C2A5-494E-973C-947CA0947A83}.Debug|Mixed Platforms.ActiveCfg = Debug|x86
		{BF50AC6A-C2A5-494E-973C-947CA0947A83}.Debug|Mixed Platforms.Build.0 = Debug|x86
		{BF50AC6A-C2A5-494E-973C-947CA0947A83}.Debug|x86.ActiveCfg = Debug|x86
		{BF50AC6A-C2A5-494E-973C-947CA0947A83}.Debug|x86.Build.0 = Debug|x86
		{BF50AC6A-C2A5-494E-973C-947CA0947A83}.Release|Any CPU.ActiveCfg = Release|x86
		{BF50AC6A-C2A5-494E-973C-947CA0947A83}.Release|Mixed Platforms.ActiveCfg = Release|x86
		{BF50AC6A-C2A5-494E-973C-947CA0947A83}.Release|Mixed Platforms.Build.0 = Release|x86
		{BF50AC6A-C2A5-494E-973C-947CA0947A83}.Release|x86.ActiveCfg = Release|x86
		{BF50AC6A-C2A5-494E-973C-947CA0947A83}.Release|x86.Build.0 = Release|x86
		{7EC7E0FC-21A1-4CE5-8698-0808F16C3D32}.Debug|Any CPU.ActiveCfg = Debug|Any CPU
		{7EC7E0FC-21A1-4CE5-8698-0808F16C3D32}.Debug|Any CPU.Build.0 = Debug|Any CPU
		{7EC7E0FC-21A1-4CE5-8698-0808F16C3D32}.Debug|Mixed Platforms.ActiveCfg = Debug|Any CPU
		{7EC7E0FC-21A1-4CE5-8698-0808F16C3D32}.Debug|Mixed Platforms.Build.0 = Debug|Any CPU
		{7EC7E0FC-21A1-4CE5-8698-0808F16C3D32}.Debug|x86.ActiveCfg = Debug|Any CPU
		{7EC7E0FC-21A1-4CE5-8698-0808F16C3D32}.Release|Any CPU.ActiveCfg = Release|Any CPU
		{7EC7E0FC-21A1-4CE5-8698-0808F16C3D32}.Release|Any CPU.Build.0 = Release|Any CPU
		{7EC7E0FC-21A1-4CE5-8698-0808F16C3D32}.Release|Mixed Platforms.ActiveCfg = Release|Any CPU
		{7EC7E0FC-21A1-4CE5-8698-0808F16C3D32}.Release|Mixed Platforms.Build.0 = Release|Any CPU
		{7EC7E0FC-21A1-4CE5-8698-0808F16C3D32}.Release|x86.ActiveCfg = Release|Any CPU
	EndGlobalSection
	GlobalSection(SolutionProperties) = preSolution
		HideSolutionNode = FALSE
	EndGlobalSection
EndGlobal
